
Microsoft Visual Studio Solution File, Format Version 12.00
# Visual Studio Version 17
VisualStudioVersion = 17.4.33205.214
MinimumVisualStudioVersion = 10.0.40219.1
Project("{F184B08F-C81C-45F6-A57F-5ABD9991F28F}") = "vMixIDE", "vMixIDE\vMixIDE.vbproj", "{08035060-4D15-4D4E-BB82-4E71619E2CAF}"
EndProject
Global
	GlobalSection(SolutionConfigurationPlatforms) = preSolution
		Debug|Any CPU = Debug|Any CPU
		Release|Any CPU = Release|Any CPU
	EndGlobalSection
	GlobalSection(ProjectConfigurationPlatforms) = postSolution
		{08035060-4D15-4D4E-BB82-4E71619E2CAF}.Debug|Any CPU.ActiveCfg = Debug|Any CPU
		{08035060-4D15-4D4E-BB82-4E71619E2CAF}.Debug|Any CPU.Build.0 = Debug|Any CPU
		{08035060-4D15-4D4E-BB82-4E71619E2CAF}.Release|Any CPU.ActiveCfg = Release|Any CPU
		{08035060-4D15-4D4E-BB82-4E71619E2CAF}.Release|Any CPU.Build.0 = Release|Any CPU
	EndGlobalSection
	GlobalSection(SolutionProperties) = preSolution
		HideSolutionNode = FALSE
	EndGlobalSection
	GlobalSection(ExtensibilityGlobals) = postSolution
		SolutionGuid = {F4EEA7EC-D99E-4CC7-82A6-033D43B0855F}
	EndGlobalSection
EndGlobal
